
Microsoft Visual Studio Solution File, Format Version 12.00
# Visual Studio Version 16
VisualStudioVersion = 16.0.29806.167
MinimumVisualStudioVersion = 10.0.40219.1
Project("{FAE04EC0-301F-11D3-BF4B-00C04F79EFBC}") = "AdColonyAdapter", "AdColonyAdapter\AdColonyAdapter.csproj", "{0BB93436-8452-4496-A0EF-9AC1A266E253}"
EndProject
Project("{2150E333-8FDC-42A3-9474-1A3956D46DE8}") = "Test", "Test", "{F76AD8ED-6025-4433-8780-8CCB4B88865E}"
EndProject
Project("{FAE04EC0-301F-11D3-BF4B-00C04F79EFBC}") = "AdColonyAdapterTest.Droid", "Test\AdColonyAdapterTest.Droid\AdColonyAdapterTest.Droid.csproj", "{02037B07-5D58-4FF5-B1E0-6F83E84CDB25}"
EndProject
Global
	GlobalSection(SolutionConfigurationPlatforms) = preSolution
		Debug|Any CPU = Debug|Any CPU
		Release|Any CPU = Release|Any CPU
	EndGlobalSection
	GlobalSection(ProjectConfigurationPlatforms) = postSolution
		{0BB93436-8452-4496-A0EF-9AC1A266E253}.Debug|Any CPU.ActiveCfg = Debug|Any CPU
		{0BB93436-8452-4496-A0EF-9AC1A266E253}.Debug|Any CPU.Build.0 = Debug|Any CPU
		{0BB93436-8452-4496-A0EF-9AC1A266E253}.Release|Any CPU.ActiveCfg = Release|Any CPU
		{0BB93436-8452-4496-A0EF-9AC1A266E253}.Release|Any CPU.Build.0 = Release|Any CPU
		{02037B07-5D58-4FF5-B1E0-6F83E84CDB25}.Debug|Any CPU.ActiveCfg = Debug|Any CPU
		{02037B07-5D58-4FF5-B1E0-6F83E84CDB25}.Debug|Any CPU.Build.0 = Debug|Any CPU
		{02037B07-5D58-4FF5-B1E0-6F83E84CDB25}.Debug|Any CPU.Deploy.0 = Debug|Any CPU
		{02037B07-5D58-4FF5-B1E0-6F83E84CDB25}.Release|Any CPU.ActiveCfg = Release|Any CPU
		{02037B07-5D58-4FF5-B1E0-6F83E84CDB25}.Release|Any CPU.Build.0 = Release|Any CPU
		{02037B07-5D58-4FF5-B1E0-6F83E84CDB25}.Release|Any CPU.Deploy.0 = Release|Any CPU
	EndGlobalSection
	GlobalSection(SolutionProperties) = preSolution
		HideSolutionNode = FALSE
	EndGlobalSection
	GlobalSection(NestedProjects) = preSolution
		{02037B07-5D58-4FF5-B1E0-6F83E84CDB25} = {F76AD8ED-6025-4433-8780-8CCB4B88865E}
	EndGlobalSection
	GlobalSection(ExtensibilityGlobals) = postSolution
		SolutionGuid = {7DDB623F-4263-4401-A7FF-8B2A4488B048}
	EndGlobalSection
EndGlobal
